
Microsoft Visual Studio Solution File, Format Version 12.00
# Visual Studio 15
VisualStudioVersion = 15.0.28307.960
MinimumVisualStudioVersion = 10.0.40219.1
Project("{FAE04EC0-301F-11D3-BF4B-00C04F79EFBC}") = "PruebasAdalid", "PruebasAdalid\PruebasAdalid.csproj", "{EA87DB16-CA9E-4793-AF8F-43B1E4667E6F}"
EndProject
Global
	GlobalSection(SolutionConfigurationPlatforms) = preSolution
		Debug|Any CPU = Debug|Any CPU
		Release|Any CPU = Release|Any CPU
	EndGlobalSection
	GlobalSection(ProjectConfigurationPlatforms) = postSolution
		{EA87DB16-CA9E-4793-AF8F-43B1E4667E6F}.Debug|Any CPU.ActiveCfg = Debug|Any CPU
		{EA87DB16-CA9E-4793-AF8F-43B1E4667E6F}.Debug|Any CPU.Build.0 = Debug|Any CPU
		{EA87DB16-CA9E-4793-AF8F-43B1E4667E6F}.Release|Any CPU.ActiveCfg = Release|Any CPU
		{EA87DB16-CA9E-4793-AF8F-43B1E4667E6F}.Release|Any CPU.Build.0 = Release|Any CPU
	EndGlobalSection
	GlobalSection(SolutionProperties) = preSolution
		HideSolutionNode = FALSE
	EndGlobalSection
	GlobalSection(ExtensibilityGlobals) = postSolution
		SolutionGuid = {2EEB3197-6EEE-48A0-A5AC-826A0E2470E7}
	EndGlobalSection
EndGlobal
